
Microsoft Visual Studio Solution File, Format Version 12.00
# Visual Studio 15
VisualStudioVersion = 15.0.28010.2003
MinimumVisualStudioVersion = 10.0.40219.1
Project("{8BC9CEB8-8B4A-11D0-8D11-00A0C91BC942}") = "Game", "Game\Game.vcxproj", "{824F1A7C-6F35-44BE-9CB6-02B5E5ECCC5C}"
EndProject
Project("{8BC9CEB8-8B4A-11D0-8D11-00A0C91BC942}") = "TomFrame", "TomFrame\TomFrame.vcxproj", "{D3C74725-9438-42BA-B056-26FDB5C8083A}"
EndProject
Global
	GlobalSection(SolutionConfigurationPlatforms) = preSolution
		Debug|x64 = Debug|x64
		Release|x64 = Release|x64
	EndGlobalSection
	GlobalSection(ProjectConfigurationPlatforms) = postSolution
		{824F1A7C-6F35-44BE-9CB6-02B5E5ECCC5C}.Debug|x64.ActiveCfg = Debug|x64
		{824F1A7C-6F35-44BE-9CB6-02B5E5ECCC5C}.Debug|x64.Build.0 = Debug|x64
		{824F1A7C-6F35-44BE-9CB6-02B5E5ECCC5C}.Release|x64.ActiveCfg = Release|x64
		{824F1A7C-6F35-44BE-9CB6-02B5E5ECCC5C}.Release|x64.Build.0 = Release|x64
		{D3C74725-9438-42BA-B056-26FDB5C8083A}.Debug|x64.ActiveCfg = Debug|x64
		{D3C74725-9438-42BA-B056-26FDB5C8083A}.Debug|x64.Build.0 = Debug|x64
		{D3C74725-9438-42BA-B056-26FDB5C8083A}.Release|x64.ActiveCfg = Release|x64
		{D3C74725-9438-42BA-B056-26FDB5C8083A}.Release|x64.Build.0 = Release|x64
	EndGlobalSection
	GlobalSection(SolutionProperties) = preSolution
		HideSolutionNode = FALSE
	EndGlobalSection
	GlobalSection(ExtensibilityGlobals) = postSolution
		SolutionGuid = {2A1FC8DF-2DA1-4BB6-BFD7-2093906AF915}
	EndGlobalSection
EndGlobal
